// !$*UTF8*$!
{
	archiveVersion = 1;
	classes = {
	};
	objectVersion = 56;
	objects = {

/* Begin PBXBuildFile section */
		2301C4F02A126849008AEB11 /* GoogleService-Info.plist in Resources */ = {isa = PBXBuildFile; fileRef = 2301C4EF2A126849008AEB11 /* GoogleService-Info.plist */; };
		235BC08A29E59BCB003C3496 /* SolutionEcoleApp.swift in Sources */ = {isa = PBXBuildFile; fileRef = 235BC08929E59BCB003C3496 /* SolutionEcoleApp.swift */; };
		235BC08C29E59BCB003C3496 /* ContentView.swift in Sources */ = {isa = PBXBuildFile; fileRef = 235BC08B29E59BCB003C3496 /* ContentView.swift */; };
		235BC08E29E59BCD003C3496 /* Assets.xcassets in Resources */ = {isa = PBXBuildFile; fileRef = 235BC08D29E59BCD003C3496 /* Assets.xcassets */; };
		235BC09129E59BCD003C3496 /* Preview Assets.xcassets in Resources */ = {isa = PBXBuildFile; fileRef = 235BC09029E59BCD003C3496 /* Preview Assets.xcassets */; };
		235BC09329E59BCD003C3496 /* Persistence.swift in Sources */ = {isa = PBXBuildFile; fileRef = 235BC09229E59BCD003C3496 /* Persistence.swift */; };
		235BC09629E59BCD003C3496 /* SolutionEcole.xcdatamodeld in Sources */ = {isa = PBXBuildFile; fileRef = 235BC09429E59BCD003C3496 /* SolutionEcole.xcdatamodeld */; };
		235BC0A029E59BCD003C3496 /* SolutionEcoleTests.swift in Sources */ = {isa = PBXBuildFile; fileRef = 235BC09F29E59BCD003C3496 /* SolutionEcoleTests.swift */; };
		235BC0AA29E59BCE003C3496 /* SolutionEcoleUITests.swift in Sources */ = {isa = PBXBuildFile; fileRef = 235BC0A929E59BCE003C3496 /* SolutionEcoleUITests.swift */; };
		235BC0AC29E59BCE003C3496 /* SolutionEcoleUITestsLaunchTests.swift in Sources */ = {isa = PBXBuildFile; fileRef = 235BC0AB29E59BCE003C3496 /* SolutionEcoleUITestsLaunchTests.swift */; };
		2376129D2A12454E0077F0EA /* FirebaseAnalytics in Frameworks */ = {isa = PBXBuildFile; productRef = 2376129C2A12454E0077F0EA /* FirebaseAnalytics */; };
		2376129F2A12454E0077F0EA /* FirebaseAuth in Frameworks */ = {isa = PBXBuildFile; productRef = 2376129E2A12454E0077F0EA /* FirebaseAuth */; };
		237612A12A12454E0077F0EA /* FirebaseDatabase in Frameworks */ = {isa = PBXBuildFile; productRef = 237612A02A12454E0077F0EA /* FirebaseDatabase */; };
		237612A32A12454E0077F0EA /* FirebaseFirestore in Frameworks */ = {isa = PBXBuildFile; productRef = 237612A22A12454E0077F0EA /* FirebaseFirestore */; };
		23E826F829FBB8C40096856F /* User.swift in Sources */ = {isa = PBXBuildFile; fileRef = 23E826F729FBB8C40096856F /* User.swift */; };
		23E826F929FBB8C40096856F /* User.swift in Sources */ = {isa = PBXBuildFile; fileRef = 23E826F729FBB8C40096856F /* User.swift */; };
		23E826FA29FBB8C40096856F /* User.swift in Sources */ = {isa = PBXBuildFile; fileRef = 23E826F729FBB8C40096856F /* User.swift */; };
		23E826FC29FBB9DD0096856F /* Asso.swift in Sources */ = {isa = PBXBuildFile; fileRef = 23E826FB29FBB9DD0096856F /* Asso.swift */; };
		23E826FD29FBB9DD0096856F /* Asso.swift in Sources */ = {isa = PBXBuildFile; fileRef = 23E826FB29FBB9DD0096856F /* Asso.swift */; };
		23E826FE29FBB9DD0096856F /* Asso.swift in Sources */ = {isa = PBXBuildFile; fileRef = 23E826FB29FBB9DD0096856F /* Asso.swift */; };
		23E8270029FBBA5D0096856F /* Lesson.swift in Sources */ = {isa = PBXBuildFile; fileRef = 23E826FF29FBBA5D0096856F /* Lesson.swift */; };
		23E8270129FBBA5D0096856F /* Lesson.swift in Sources */ = {isa = PBXBuildFile; fileRef = 23E826FF29FBBA5D0096856F /* Lesson.swift */; };
		23E8270229FBBA5D0096856F /* Lesson.swift in Sources */ = {isa = PBXBuildFile; fileRef = 23E826FF29FBBA5D0096856F /* Lesson.swift */; };
		23E8270429FBBAE70096856F /* Event.swift in Sources */ = {isa = PBXBuildFile; fileRef = 23E8270329FBBAE70096856F /* Event.swift */; };
		23E8270529FBBAE70096856F /* Event.swift in Sources */ = {isa = PBXBuildFile; fileRef = 23E8270329FBBAE70096856F /* Event.swift */; };
		23E8270629FBBAE70096856F /* Event.swift in Sources */ = {isa = PBXBuildFile; fileRef = 23E8270329FBBAE70096856F /* Event.swift */; };
		23FB4A4F2A0A3C7D00E5FBB7 /* LoginView.swift in Sources */ = {isa = PBXBuildFile; fileRef = 23FB4A4E2A0A3C7C00E5FBB7 /* LoginView.swift */; };
/* End PBXBuildFile section */

/* Begin PBXContainerItemProxy section */
		235BC09C29E59BCD003C3496 /* PBXContainerItemProxy */ = {
			isa = PBXContainerItemProxy;
			containerPortal = 235BC07E29E59BCB003C3496 /* Project object */;
			proxyType = 1;
			remoteGlobalIDString = 235BC08529E59BCB003C3496;
			remoteInfo = SolutionEcole;
		};
		235BC0A629E59BCD003C3496 /* PBXContainerItemProxy */ = {
			isa = PBXContainerItemProxy;
			containerPortal = 235BC07E29E59BCB003C3496 /* Project object */;
			proxyType = 1;
			remoteGlobalIDString = 235BC08529E59BCB003C3496;
			remoteInfo = SolutionEcole;
		};
/* End PBXContainerItemProxy section */

/* Begin PBXFileReference section */
		2301C4EF2A126849008AEB11 /* GoogleService-Info.plist */ = {isa = PBXFileReference; fileEncoding = 4; lastKnownFileType = text.plist.xml; path = "GoogleService-Info.plist"; sourceTree = "<group>"; };
		235BC08629E59BCB003C3496 /* SolutionEcole.app */ = {isa = PBXFileReference; explicitFileType = wrapper.application; includeInIndex = 0; path = SolutionEcole.app; sourceTree = BUILT_PRODUCTS_DIR; };
		235BC08929E59BCB003C3496 /* SolutionEcoleApp.swift */ = {isa = PBXFileReference; lastKnownFileType = sourcecode.swift; path = SolutionEcoleApp.swift; sourceTree = "<group>"; };
		235BC08B29E59BCB003C3496 /* ContentView.swift */ = {isa = PBXFileReference; lastKnownFileType = sourcecode.swift; path = ContentView.swift; sourceTree = "<group>"; };
		235BC08D29E59BCD003C3496 /* Assets.xcassets */ = {isa = PBXFileReference; lastKnownFileType = folder.assetcatalog; path = Assets.xcassets; sourceTree = "<group>"; };
		235BC09029E59BCD003C3496 /* Preview Assets.xcassets */ = {isa = PBXFileReference; lastKnownFileType = folder.assetcatalog; path = "Preview Assets.xcassets"; sourceTree = "<group>"; };
		235BC09229E59BCD003C3496 /* Persistence.swift */ = {isa = PBXFileReference; lastKnownFileType = sourcecode.swift; path = Persistence.swift; sourceTree = "<group>"; };
		235BC09529E59BCD003C3496 /* SolutionEcole.xcdatamodel */ = {isa = PBXFileReference; lastKnownFileType = wrapper.xcdatamodel; path = SolutionEcole.xcdatamodel; sourceTree = "<group>"; };
		235BC09B29E59BCD003C3496 /* SolutionEcoleTests.xctest */ = {isa = PBXFileReference; explicitFileType = wrapper.cfbundle; includeInIndex = 0; path = SolutionEcoleTests.xctest; sourceTree = BUILT_PRODUCTS_DIR; };
		235BC09F29E59BCD003C3496 /* SolutionEcoleTests.swift */ = {isa = PBXFileReference; lastKnownFileType = sourcecode.swift; path = SolutionEcoleTests.swift; sourceTree = "<group>"; };
		235BC0A529E59BCD003C3496 /* SolutionEcoleUITests.xctest */ = {isa = PBXFileReference; explicitFileType = wrapper.cfbundle; includeInIndex = 0; path = SolutionEcoleUITests.xctest; sourceTree = BUILT_PRODUCTS_DIR; };
		235BC0A929E59BCE003C3496 /* SolutionEcoleUITests.swift */ = {isa = PBXFileReference; lastKnownFileType = sourcecode.swift; path = SolutionEcoleUITests.swift; sourceTree = "<group>"; };
		235BC0AB29E59BCE003C3496 /* SolutionEcoleUITestsLaunchTests.swift */ = {isa = PBXFileReference; lastKnownFileType = sourcecode.swift; path = SolutionEcoleUITestsLaunchTests.swift; sourceTree = "<group>"; };
		23E826F729FBB8C40096856F /* User.swift */ = {isa = PBXFileReference; lastKnownFileType = sourcecode.swift; path = User.swift; sourceTree = "<group>"; };
		23E826FB29FBB9DD0096856F /* Asso.swift */ = {isa = PBXFileReference; lastKnownFileType = sourcecode.swift; path = Asso.swift; sourceTree = "<group>"; };
		23E826FF29FBBA5D0096856F /* Lesson.swift */ = {isa = PBXFileReference; lastKnownFileType = sourcecode.swift; path = Lesson.swift; sourceTree = "<group>"; };
		23E8270329FBBAE70096856F /* Event.swift */ = {isa = PBXFileReference; lastKnownFileType = sourcecode.swift; path = Event.swift; sourceTree = "<group>"; };
		23FB4A4E2A0A3C7C00E5FBB7 /* LoginView.swift */ = {isa = PBXFileReference; lastKnownFileType = sourcecode.swift; path = LoginView.swift; sourceTree = "<group>"; };
/* End PBXFileReference section */

/* Begin PBXFrameworksBuildPhase section */
		235BC08329E59BCB003C3496 /* Frameworks */ = {
			isa = PBXFrameworksBuildPhase;
			buildActionMask = 2147483647;
			files = (
				237612A12A12454E0077F0EA /* FirebaseDatabase in Frameworks */,
				237612A32A12454E0077F0EA /* FirebaseFirestore in Frameworks */,
				2376129D2A12454E0077F0EA /* FirebaseAnalytics in Frameworks */,
				2376129F2A12454E0077F0EA /* FirebaseAuth in Frameworks */,
			);
			runOnlyForDeploymentPostprocessing = 0;
		};
		235BC09829E59BCD003C3496 /* Frameworks */ = {
			isa = PBXFrameworksBuildPhase;
			buildActionMask = 2147483647;
			files = (
			);
			runOnlyForDeploymentPostprocessing = 0;
		};
		235BC0A229E59BCD003C3496 /* Frameworks */ = {
			isa = PBXFrameworksBuildPhase;
			buildActionMask = 2147483647;
			files = (
			);
			runOnlyForDeploymentPostprocessing = 0;
		};
/* End PBXFrameworksBuildPhase section */

/* Begin PBXGroup section */
		235BC07D29E59BCB003C3496 = {
			isa = PBXGroup;
			children = (
				235BC08829E59BCB003C3496 /* SolutionEcole */,
				235BC09E29E59BCD003C3496 /* SolutionEcoleTests */,
				235BC0A829E59BCD003C3496 /* SolutionEcoleUITests */,
				235BC08729E59BCB003C3496 /* Products */,
			);
			sourceTree = "<group>";
		};
		235BC08729E59BCB003C3496 /* Products */ = {
			isa = PBXGroup;
			children = (
				235BC08629E59BCB003C3496 /* SolutionEcole.app */,
				235BC09B29E59BCD003C3496 /* SolutionEcoleTests.xctest */,
				235BC0A529E59BCD003C3496 /* SolutionEcoleUITests.xctest */,
			);
			name = Products;
			sourceTree = "<group>";
		};
		235BC08829E59BCB003C3496 /* SolutionEcole */ = {
			isa = PBXGroup;
			children = (
				23E826F629FBB8B00096856F /* Model */,
				235BC08929E59BCB003C3496 /* SolutionEcoleApp.swift */,
				235BC08B29E59BCB003C3496 /* ContentView.swift */,
				23FB4A4E2A0A3C7C00E5FBB7 /* LoginView.swift */,
				235BC08D29E59BCD003C3496 /* Assets.xcassets */,
				235BC09229E59BCD003C3496 /* Persistence.swift */,
				235BC09429E59BCD003C3496 /* SolutionEcole.xcdatamodeld */,
				235BC08F29E59BCD003C3496 /* Preview Content */,
				2301C4EF2A126849008AEB11 /* GoogleService-Info.plist */,
			);
			path = SolutionEcole;
			sourceTree = "<group>";
		};
		235BC08F29E59BCD003C3496 /* Preview Content */ = {
			isa = PBXGroup;
			children = (
				235BC09029E59BCD003C3496 /* Preview Assets.xcassets */,
			);
			path = "Preview Content";
			sourceTree = "<group>";
		};
		235BC09E29E59BCD003C3496 /* SolutionEcoleTests */ = {
			isa = PBXGroup;
			children = (
				235BC09F29E59BCD003C3496 /* SolutionEcoleTests.swift */,
			);
			path = SolutionEcoleTests;
			sourceTree = "<group>";
		};
		235BC0A829E59BCD003C3496 /* SolutionEcoleUITests */ = {
			isa = PBXGroup;
			children = (
				235BC0A929E59BCE003C3496 /* SolutionEcoleUITests.swift */,
				235BC0AB29E59BCE003C3496 /* SolutionEcoleUITestsLaunchTests.swift */,
			);
			path = SolutionEcoleUITests;
			sourceTree = "<group>";
		};
		23E826F629FBB8B00096856F /* Model */ = {
			isa = PBXGroup;
			children = (
				23E826F729FBB8C40096856F /* User.swift */,
				23E826FB29FBB9DD0096856F /* Asso.swift */,
				23E826FF29FBBA5D0096856F /* Lesson.swift */,
				23E8270329FBBAE70096856F /* Event.swift */,
			);
			path = Model;
			sourceTree = "<group>";
		};
/* End PBXGroup section */

/* Begin PBXNativeTarget section */
		235BC08529E59BCB003C3496 /* SolutionEcole */ = {
			isa = PBXNativeTarget;
			buildConfigurationList = 235BC0AF29E59BCE003C3496 /* Build configuration list for PBXNativeTarget "SolutionEcole" */;
			buildPhases = (
				235BC08229E59BCB003C3496 /* Sources */,
				235BC08329E59BCB003C3496 /* Frameworks */,
				235BC08429E59BCB003C3496 /* Resources */,
			);
			buildRules = (
			);
			dependencies = (
			);
			name = SolutionEcole;
			packageProductDependencies = (
				2376129C2A12454E0077F0EA /* FirebaseAnalytics */,
				2376129E2A12454E0077F0EA /* FirebaseAuth */,
				237612A02A12454E0077F0EA /* FirebaseDatabase */,
				237612A22A12454E0077F0EA /* FirebaseFirestore */,
			);
			productName = SolutionEcole;
			productReference = 235BC08629E59BCB003C3496 /* SolutionEcole.app */;
			productType = "com.apple.product-type.application";
		};
		235BC09A29E59BCD003C3496 /* SolutionEcoleTests */ = {
			isa = PBXNativeTarget;
			buildConfigurationList = 235BC0B229E59BCE003C3496 /* Build configuration list for PBXNativeTarget "SolutionEcoleTests" */;
			buildPhases = (
				235BC09729E59BCD003C3496 /* Sources */,
				235BC09829E59BCD003C3496 /* Frameworks */,
				235BC09929E59BCD003C3496 /* Resources */,
			);
			buildRules = (
			);
			dependencies = (
				235BC09D29E59BCD003C3496 /* PBXTargetDependency */,
			);
			name = SolutionEcoleTests;
			productName = SolutionEcoleTests;
			productReference = 235BC09B29E59BCD003C3496 /* SolutionEcoleTests.xctest */;
			productType = "com.apple.product-type.bundle.unit-test";
		};
		235BC0A429E59BCD003C3496 /* SolutionEcoleUITests */ = {
			isa = PBXNativeTarget;
			buildConfigurationList = 235BC0B529E59BCE003C3496 /* Build configuration list for PBXNativeTarget "SolutionEcoleUITests" */;
			buildPhases = (
				235BC0A129E59BCD003C3496 /* Sources */,
				235BC0A229E59BCD003C3496 /* Frameworks */,
				235BC0A329E59BCD003C3496 /* Resources */,
			);
			buildRules = (
			);
			dependencies = (
				235BC0A729E59BCD003C3496 /* PBXTargetDependency */,
			);
			name = SolutionEcoleUITests;
			productName = SolutionEcoleUITests;
			productReference = 235BC0A529E59BCD003C3496 /* SolutionEcoleUITests.xctest */;
			productType = "com.apple.product-type.bundle.ui-testing";
		};
/* End PBXNativeTarget section */

/* Begin PBXProject section */
		235BC07E29E59BCB003C3496 /* Project object */ = {
			isa = PBXProject;
			attributes = {
				BuildIndependentTargetsInParallel = 1;
				LastSwiftUpdateCheck = 1430;
				LastUpgradeCheck = 1430;
				TargetAttributes = {
					235BC08529E59BCB003C3496 = {
						CreatedOnToolsVersion = 14.3;
					};
					235BC09A29E59BCD003C3496 = {
						CreatedOnToolsVersion = 14.3;
						TestTargetID = 235BC08529E59BCB003C3496;
					};
					235BC0A429E59BCD003C3496 = {
						CreatedOnToolsVersion = 14.3;
						TestTargetID = 235BC08529E59BCB003C3496;
					};
				};
			};
			buildConfigurationList = 235BC08129E59BCB003C3496 /* Build configuration list for PBXProject "SolutionEcole" */;
			compatibilityVersion = "Xcode 14.0";
			developmentRegion = en;
			hasScannedForEncodings = 0;
			knownRegions = (
				en,
				Base,
			);
			mainGroup = 235BC07D29E59BCB003C3496;
			packageReferences = (
				2376129B2A12454E0077F0EA /* XCRemoteSwiftPackageReference "firebase-ios-sdk" */,
			);
			productRefGroup = 235BC08729E59BCB003C3496 /* Products */;
			projectDirPath = "";
			projectRoot = "";
			targets = (
				235BC08529E59BCB003C3496 /* SolutionEcole */,
				235BC09A29E59BCD003C3496 /* SolutionEcoleTests */,
				235BC0A429E59BCD003C3496 /* SolutionEcoleUITests */,
			);
		};
/* End PBXProject section */

/* Begin PBXResourcesBuildPhase section */
		235BC08429E59BCB003C3496 /* Resources */ = {
			isa = PBXResourcesBuildPhase;
			buildActionMask = 2147483647;
			files = (
				235BC09129E59BCD003C3496 /* Preview Assets.xcassets in Resources */,
				235BC08E29E59BCD003C3496 /* Assets.xcassets in Resources */,
				2301C4F02A126849008AEB11 /* GoogleService-Info.plist in Resources */,
			);
			runOnlyForDeploymentPostprocessing = 0;
		};
		235BC09929E59BCD003C3496 /* Resources */ = {
			isa = PBXResourcesBuildPhase;
			buildActionMask = 2147483647;
			files = (
			);
			runOnlyForDeploymentPostprocessing = 0;
		};
		235BC0A329E59BCD003C3496 /* Resources */ = {
			isa = PBXResourcesBuildPhase;
			buildActionMask = 2147483647;
			files = (
			);
			runOnlyForDeploymentPostprocessing = 0;
		};
/* End PBXResourcesBuildPhase section */

/* Begin PBXSourcesBuildPhase section */
		235BC08229E59BCB003C3496 /* Sources */ = {
			isa = PBXSourcesBuildPhase;
			buildActionMask = 2147483647;
			files = (
				23E8270429FBBAE70096856F /* Event.swift in Sources */,
				235BC09329E59BCD003C3496 /* Persistence.swift in Sources */,
				235BC08C29E59BCB003C3496 /* ContentView.swift in Sources */,
				23FB4A4F2A0A3C7D00E5FBB7 /* LoginView.swift in Sources */,
				235BC08A29E59BCB003C3496 /* SolutionEcoleApp.swift in Sources */,
				23E826F829FBB8C40096856F /* User.swift in Sources */,
				235BC09629E59BCD003C3496 /* SolutionEcole.xcdatamodeld in Sources */,
				23E8270029FBBA5D0096856F /* Lesson.swift in Sources */,
				23E826FC29FBB9DD0096856F /* Asso.swift in Sources */,
			);
			runOnlyForDeploymentPostprocessing = 0;
		};
		235BC09729E59BCD003C3496 /* Sources */ = {
			isa = PBXSourcesBuildPhase;
			buildActionMask = 2147483647;
			files = (
				23E826F929FBB8C40096856F /* User.swift in Sources */,
				235BC0A029E59BCD003C3496 /* SolutionEcoleTests.swift in Sources */,
				23E826FD29FBB9DD0096856F /* Asso.swift in Sources */,
				23E8270129FBBA5D0096856F /* Lesson.swift in Sources */,
				23E8270529FBBAE70096856F /* Event.swift in Sources */,
			);
			runOnlyForDeploymentPostprocessing = 0;
		};
		235BC0A129E59BCD003C3496 /* Sources */ = {
			isa = PBXSourcesBuildPhase;
			buildActionMask = 2147483647;
			files = (
				23E8270229FBBA5D0096856F /* Lesson.swift in Sources */,
				235BC0AC29E59BCE003C3496 /* SolutionEcoleUITestsLaunchTests.swift in Sources */,
				235BC0AA29E59BCE003C3496 /* SolutionEcoleUITests.swift in Sources */,
				23E826FA29FBB8C40096856F /* User.swift in Sources */,
				23E8270629FBBAE70096856F /* Event.swift in Sources */,
				23E826FE29FBB9DD0096856F /* Asso.swift in Sources */,
			);
			runOnlyForDeploymentPostprocessing = 0;
		};
/* End PBXSourcesBuildPhase section */

/* Begin PBXTargetDependency section */
		235BC09D29E59BCD003C3496 /* PBXTargetDependency */ = {
			isa = PBXTargetDependency;
			target = 235BC08529E59BCB003C3496 /* SolutionEcole */;
			targetProxy = 235BC09C29E59BCD003C3496 /* PBXContainerItemProxy */;
		};
		235BC0A729E59BCD003C3496 /* PBXTargetDependency */ = {
			isa = PBXTargetDependency;
			target = 235BC08529E59BCB003C3496 /* SolutionEcole */;
			targetProxy = 235BC0A629E59BCD003C3496 /* PBXContainerItemProxy */;
		};
/* End PBXTargetDependency section */

/* Begin XCBuildConfiguration section */
		235BC0AD29E59BCE003C3496 /* Debug */ = {
			isa = XCBuildConfiguration;
			buildSettings = {
				ALWAYS_SEARCH_USER_PATHS = NO;
				CLANG_ANALYZER_NONNULL = YES;
				CLANG_ANALYZER_NUMBER_OBJECT_CONVERSION = YES_AGGRESSIVE;
				CLANG_CXX_LANGUAGE_STANDARD = "gnu++20";
				CLANG_ENABLE_MODULES = YES;
				CLANG_ENABLE_OBJC_ARC = YES;
				CLANG_ENABLE_OBJC_WEAK = YES;
				CLANG_WARN_BLOCK_CAPTURE_AUTORELEASING = YES;
				CLANG_WARN_BOOL_CONVERSION = YES;
				CLANG_WARN_COMMA = YES;
				CLANG_WARN_CONSTANT_CONVERSION = YES;
				CLANG_WARN_DEPRECATED_OBJC_IMPLEMENTATIONS = YES;
				CLANG_WARN_DIRECT_OBJC_ISA_USAGE = YES_ERROR;
				CLANG_WARN_DOCUMENTATION_COMMENTS = YES;
				CLANG_WARN_EMPTY_BODY = YES;
				CLANG_WARN_ENUM_CONVERSION = YES;
				CLANG_WARN_INFINITE_RECURSION = YES;
				CLANG_WARN_INT_CONVERSION = YES;
				CLANG_WARN_NON_LITERAL_NULL_CONVERSION = YES;
				CLANG_WARN_OBJC_IMPLICIT_RETAIN_SELF = YES;
				CLANG_WARN_OBJC_LITERAL_CONVERSION = YES;
				CLANG_WARN_OBJC_ROOT_CLASS = YES_ERROR;
				CLANG_WARN_QUOTED_INCLUDE_IN_FRAMEWORK_HEADER = YES;
				CLANG_WARN_RANGE_LOOP_ANALYSIS = YES;
				CLANG_WARN_STRICT_PROTOTYPES = YES;
				CLANG_WARN_SUSPICIOUS_MOVE = YES;
				CLANG_WARN_UNGUARDED_AVAILABILITY = YES_AGGRESSIVE;
				CLANG_WARN_UNREACHABLE_CODE = YES;
				CLANG_WARN__DUPLICATE_METHOD_MATCH = YES;
				COPY_PHASE_STRIP = NO;
				DEBUG_INFORMATION_FORMAT = dwarf;
				ENABLE_STRICT_OBJC_MSGSEND = YES;
				ENABLE_TESTABILITY = YES;
				GCC_C_LANGUAGE_STANDARD = gnu11;
				GCC_DYNAMIC_NO_PIC = NO;
				GCC_NO_COMMON_BLOCKS = YES;
				GCC_OPTIMIZATION_LEVEL = 0;
				GCC_PREPROCESSOR_DEFINITIONS = (
					"DEBUG=1",
					"$(inherited)",
				);
				GCC_WARN_64_TO_32_BIT_CONVERSION = YES;
				GCC_WARN_ABOUT_RETURN_TYPE = YES_ERROR;
				GCC_WARN_UNDECLARED_SELECTOR = YES;
				GCC_WARN_UNINITIALIZED_AUTOS = YES_AGGRESSIVE;
				GCC_WARN_UNUSED_FUNCTION = YES;
				GCC_WARN_UNUSED_VARIABLE = YES;
				IPHONEOS_DEPLOYMENT_TARGET = 16.4;
				MTL_ENABLE_DEBUG_INFO = INCLUDE_SOURCE;
				MTL_FAST_MATH = YES;
				ONLY_ACTIVE_ARCH = YES;
				SDKROOT = iphoneos;
				SWIFT_ACTIVE_COMPILATION_CONDITIONS = DEBUG;
				SWIFT_OPTIMIZATION_LEVEL = "-Onone";
			};
			name = Debug;
		};
		235BC0AE29E59BCE003C3496 /* Release */ = {
			isa = XCBuildConfiguration;
			buildSettings = {
				ALWAYS_SEARCH_USER_PATHS = NO;
				CLANG_ANALYZER_NONNULL = YES;
				CLANG_ANALYZER_NUMBER_OBJECT_CONVERSION = YES_AGGRESSIVE;
				CLANG_CXX_LANGUAGE_STANDARD = "gnu++20";
				CLANG_ENABLE_MODULES = YES;
				CLANG_ENABLE_OBJC_ARC = YES;
				CLANG_ENABLE_OBJC_WEAK = YES;
				CLANG_WARN_BLOCK_CAPTURE_AUTORELEASING = YES;
				CLANG_WARN_BOOL_CONVERSION = YES;
				CLANG_WARN_COMMA = YES;
				CLANG_WARN_CONSTANT_CONVERSION = YES;
				CLANG_WARN_DEPRECATED_OBJC_IMPLEMENTATIONS = YES;
				CLANG_WARN_DIRECT_OBJC_ISA_USAGE = YES_ERROR;
				CLANG_WARN_DOCUMENTATION_COMMENTS = YES;
				CLANG_WARN_EMPTY_BODY = YES;
				CLANG_WARN_ENUM_CONVERSION = YES;
				CLANG_WARN_INFINITE_RECURSION = YES;
				CLANG_WARN_INT_CONVERSION = YES;
				CLANG_WARN_NON_LITERAL_NULL_CONVERSION = YES;
				CLANG_WARN_OBJC_IMPLICIT_RETAIN_SELF = YES;
				CLANG_WARN_OBJC_LITERAL_CONVERSION = YES;
				CLANG_WARN_OBJC_ROOT_CLASS = YES_ERROR;
				CLANG_WARN_QUOTED_INCLUDE_IN_FRAMEWORK_HEADER = YES;
				CLANG_WARN_RANGE_LOOP_ANALYSIS = YES;
				CLANG_WARN_STRICT_PROTOTYPES = YES;
				CLANG_WARN_SUSPICIOUS_MOVE = YES;
				CLANG_WARN_UNGUARDED_AVAILABILITY = YES_AGGRESSIVE;
				CLANG_WARN_UNREACHABLE_CODE = YES;
				CLANG_WARN__DUPLICATE_METHOD_MATCH = YES;
				COPY_PHASE_STRIP = NO;
				DEBUG_INFORMATION_FORMAT = "dwarf-with-dsym";
				ENABLE_NS_ASSERTIONS = NO;
				ENABLE_STRICT_OBJC_MSGSEND = YES;
				GCC_C_LANGUAGE_STANDARD = gnu11;
				GCC_NO_COMMON_BLOCKS = YES;
				GCC_WARN_64_TO_32_BIT_CONVERSION = YES;
				GCC_WARN_ABOUT_RETURN_TYPE = YES_ERROR;
				GCC_WARN_UNDECLARED_SELECTOR = YES;
				GCC_WARN_UNINITIALIZED_AUTOS = YES_AGGRESSIVE;
				GCC_WARN_UNUSED_FUNCTION = YES;
				GCC_WARN_UNUSED_VARIABLE = YES;
				IPHONEOS_DEPLOYMENT_TARGET = 16.4;
				MTL_ENABLE_DEBUG_INFO = NO;
				MTL_FAST_MATH = YES;
				SDKROOT = iphoneos;
				SWIFT_COMPILATION_MODE = wholemodule;
				SWIFT_OPTIMIZATION_LEVEL = "-O";
				VALIDATE_PRODUCT = YES;
			};
			name = Release;
		};
		235BC0B029E59BCE003C3496 /* Debug */ = {
			isa = XCBuildConfiguration;
			buildSettings = {
				ASSETCATALOG_COMPILER_APPICON_NAME = AppIcon;
				ASSETCATALOG_COMPILER_GLOBAL_ACCENT_COLOR_NAME = AccentColor;
				CODE_SIGN_STYLE = Automatic;
				CURRENT_PROJECT_VERSION = 1;
				DEVELOPMENT_ASSET_PATHS = "\"SolutionEcole/Preview Content\"";
				DEVELOPMENT_TEAM = 5UMH6EWY8Z;
				ENABLE_PREVIEWS = YES;
				GCC_OPTIMIZATION_LEVEL = fast;
				GENERATE_INFOPLIST_FILE = YES;
				INFOPLIST_KEY_UIApplicationSceneManifest_Generation = YES;
				INFOPLIST_KEY_UIApplicationSupportsIndirectInputEvents = YES;
				INFOPLIST_KEY_UILaunchScreen_Generation = YES;
				INFOPLIST_KEY_UISupportedInterfaceOrientations_iPad = "UIInterfaceOrientationPortrait UIInterfaceOrientationPortraitUpsideDown UIInterfaceOrientationLandscapeLeft UIInterfaceOrientationLandscapeRight";
				INFOPLIST_KEY_UISupportedInterfaceOrientations_iPhone = "UIInterfaceOrientationPortrait UIInterfaceOrientationLandscapeLeft UIInterfaceOrientationLandscapeRight";
				LD_RUNPATH_SEARCH_PATHS = (
					"$(inherited)",
					"@executable_path/Frameworks",
				);
				MARKETING_VERSION = 1.0;
				PRODUCT_BUNDLE_IDENTIFIER = com.picosu.personal.SolutionEcole;
				PRODUCT_NAME = "$(TARGET_NAME)";
				SWIFT_EMIT_LOC_STRINGS = YES;
				SWIFT_VERSION = 5.0;
				TARGETED_DEVICE_FAMILY = "1,2";
			};
			name = Debug;
		};
		235BC0B129E59BCE003C3496 /* Release */ = {
			isa = XCBuildConfiguration;
			buildSettings = {
				ASSETCATALOG_COMPILER_APPICON_NAME = AppIcon;
				ASSETCATALOG_COMPILER_GLOBAL_ACCENT_COLOR_NAME = AccentColor;
				CODE_SIGN_STYLE = Automatic;
				CURRENT_PROJECT_VERSION = 1;
				DEVELOPMENT_ASSET_PATHS = "\"SolutionEcole/Preview Content\"";
				DEVELOPMENT_TEAM = 5UMH6EWY8Z;
				ENABLE_PREVIEWS = YES;
				GENERATE_INFOPLIST_FILE = YES;
				INFOPLIST_KEY_UIApplicationSceneManifest_Generation = YES;
				INFOPLIST_KEY_UIApplicationSupportsIndirectInputEvents = YES;
				INFOPLIST_KEY_UILaunchScreen_Generation = YES;
				INFOPLIST_KEY_UISupportedInterfaceOrientations_iPad = "UIInterfaceOrientationPortrait UIInterfaceOrientationPortraitUpsideDown UIInterfaceOrientationLandscapeLeft UIInterfaceOrientationLandscapeRight";
				INFOPLIST_KEY_UISupportedInterfaceOrientations_iPhone = "UIInterfaceOrientationPortrait UIInterfaceOrientationLandscapeLeft UIInterfaceOrientationLandscapeRight";
				LD_RUNPATH_SEARCH_PATHS = (
					"$(inherited)",
					"@executable_path/Frameworks",
				);
				MARKETING_VERSION = 1.0;
				PRODUCT_BUNDLE_IDENTIFIER = com.picosu.personal.SolutionEcole;
				PRODUCT_NAME = "$(TARGET_NAME)";
				SWIFT_EMIT_LOC_STRINGS = YES;
				SWIFT_VERSION = 5.0;
				TARGETED_DEVICE_FAMILY = "1,2";
			};
			name = Release;
		};
		235BC0B329E59BCE003C3496 /* Debug */ = {
			isa = XCBuildConfiguration;
			buildSettings = {
				ALWAYS_EMBED_SWIFT_STANDARD_LIBRARIES = YES;
				BUNDLE_LOADER = "$(TEST_HOST)";
				CODE_SIGN_STYLE = Automatic;
				CURRENT_PROJECT_VERSION = 1;
				DEVELOPMENT_TEAM = 5UMH6EWY8Z;
				GENERATE_INFOPLIST_FILE = YES;
				IPHONEOS_DEPLOYMENT_TARGET = 16.4;
				MARKETING_VERSION = 1.0;
				PRODUCT_BUNDLE_IDENTIFIER = com.picosu.personal.SolutionEcoleTests;
				PRODUCT_NAME = "$(TARGET_NAME)";
				SWIFT_EMIT_LOC_STRINGS = NO;
				SWIFT_VERSION = 5.0;
				TARGETED_DEVICE_FAMILY = "1,2";
				TEST_HOST = "$(BUILT_PRODUCTS_DIR)/SolutionEcole.app/$(BUNDLE_EXECUTABLE_FOLDER_PATH)/SolutionEcole";
			};
			name = Debug;
		};
		235BC0B429E59BCE003C3496 /* Release */ = {
			isa = XCBuildConfiguration;
			buildSettings = {
				ALWAYS_EMBED_SWIFT_STANDARD_LIBRARIES = YES;
				BUNDLE_LOADER = "$(TEST_HOST)";
				CODE_SIGN_STYLE = Automatic;
				CURRENT_PROJECT_VERSION = 1;
				DEVELOPMENT_TEAM = 5UMH6EWY8Z;
				GENERATE_INFOPLIST_FILE = YES;
				IPHONEOS_DEPLOYMENT_TARGET = 16.4;
				MARKETING_VERSION = 1.0;
				PRODUCT_BUNDLE_IDENTIFIER = com.picosu.personal.SolutionEcoleTests;
				PRODUCT_NAME = "$(TARGET_NAME)";
				SWIFT_EMIT_LOC_STRINGS = NO;
				SWIFT_VERSION = 5.0;
				TARGETED_DEVICE_FAMILY = "1,2";
				TEST_HOST = "$(BUILT_PRODUCTS_DIR)/SolutionEcole.app/$(BUNDLE_EXECUTABLE_FOLDER_PATH)/SolutionEcole";
			};
			name = Release;
		};
		235BC0B629E59BCE003C3496 /* Debug */ = {
			isa = XCBuildConfiguration;
			buildSettings = {
				ALWAYS_EMBED_SWIFT_STANDARD_LIBRARIES = YES;
				CODE_SIGN_STYLE = Automatic;
				CURRENT_PROJECT_VERSION = 1;
				DEVELOPMENT_TEAM = 5UMH6EWY8Z;
				GENERATE_INFOPLIST_FILE = YES;
				MARKETING_VERSION = 1.0;
				PRODUCT_BUNDLE_IDENTIFIER = com.picosu.personal.SolutionEcoleUITests;
				PRODUCT_NAME = "$(TARGET_NAME)";
				SWIFT_EMIT_LOC_STRINGS = NO;
				SWIFT_VERSION = 5.0;
				TARGETED_DEVICE_FAMILY = "1,2";
				TEST_TARGET_NAME = SolutionEcole;
			};
			name = Debug;
		};
		235BC0B729E59BCE003C3496 /* Release */ = {
			isa = XCBuildConfiguration;
			buildSettings = {
				ALWAYS_EMBED_SWIFT_STANDARD_LIBRARIES = YES;
				CODE_SIGN_STYLE = Automatic;
				CURRENT_PROJECT_VERSION = 1;
				DEVELOPMENT_TEAM = 5UMH6EWY8Z;
				GENERATE_INFOPLIST_FILE = YES;
				MARKETING_VERSION = 1.0;
				PRODUCT_BUNDLE_IDENTIFIER = com.picosu.personal.SolutionEcoleUITests;
				PRODUCT_NAME = "$(TARGET_NAME)";
				SWIFT_EMIT_LOC_STRINGS = NO;
				SWIFT_VERSION = 5.0;
				TARGETED_DEVICE_FAMILY = "1,2";
				TEST_TARGET_NAME = SolutionEcole;
			};
			name = Release;
		};
/* End XCBuildConfiguration section */

/* Begin XCConfigurationList section */
		235BC08129E59BCB003C3496 /* Build configuration list for PBXProject "SolutionEcole" */ = {
			isa = XCConfigurationList;
			buildConfigurations = (
				235BC0AD29E59BCE003C3496 /* Debug */,
				235BC0AE29E59BCE003C3496 /* Release */,
			);
			defaultConfigurationIsVisible = 0;
			defaultConfigurationName = Release;
		};
		235BC0AF29E59BCE003C3496 /* Build configuration list for PBXNativeTarget "SolutionEcole" */ = {
			isa = XCConfigurationList;
			buildConfigurations = (
				235BC0B029E59BCE003C3496 /* Debug */,
				235BC0B129E59BCE003C3496 /* Release */,
			);
			defaultConfigurationIsVisible = 0;
			defaultConfigurationName = Release;
		};
		235BC0B229E59BCE003C3496 /* Build configuration list for PBXNativeTarget "SolutionEcoleTests" */ = {
			isa = XCConfigurationList;
			buildConfigurations = (
				235BC0B329E59BCE003C3496 /* Debug */,
				235BC0B429E59BCE003C3496 /* Release */,
			);
			defaultConfigurationIsVisible = 0;
			defaultConfigurationName = Release;
		};
		235BC0B529E59BCE003C3496 /* Build configuration list for PBXNativeTarget "SolutionEcoleUITests" */ = {
			isa = XCConfigurationList;
			buildConfigurations = (
				235BC0B629E59BCE003C3496 /* Debug */,
				235BC0B729E59BCE003C3496 /* Release */,
			);
			defaultConfigurationIsVisible = 0;
			defaultConfigurationName = Release;
		};
/* End XCConfigurationList section */

/* Begin XCRemoteSwiftPackageReference section */
		2376129B2A12454E0077F0EA /* XCRemoteSwiftPackageReference "firebase-ios-sdk" */ = {
			isa = XCRemoteSwiftPackageReference;
			repositoryURL = "https://github.com/firebase/firebase-ios-sdk";
			requirement = {
				kind = upToNextMajorVersion;
				minimumVersion = 10.0.0;
			};
		};
/* End XCRemoteSwiftPackageReference section */

/* Begin XCSwiftPackageProductDependency section */
		2376129C2A12454E0077F0EA /* FirebaseAnalytics */ = {
			isa = XCSwiftPackageProductDependency;
			package = 2376129B2A12454E0077F0EA /* XCRemoteSwiftPackageReference "firebase-ios-sdk" */;
			productName = FirebaseAnalytics;
		};
		2376129E2A12454E0077F0EA /* FirebaseAuth */ = {
			isa = XCSwiftPackageProductDependency;
			package = 2376129B2A12454E0077F0EA /* XCRemoteSwiftPackageReference "firebase-ios-sdk" */;
			productName = FirebaseAuth;
		};
		237612A02A12454E0077F0EA /* FirebaseDatabase */ = {
			isa = XCSwiftPackageProductDependency;
			package = 2376129B2A12454E0077F0EA /* XCRemoteSwiftPackageReference "firebase-ios-sdk" */;
			productName = FirebaseDatabase;
		};
		237612A22A12454E0077F0EA /* FirebaseFirestore */ = {
			isa = XCSwiftPackageProductDependency;
			package = 2376129B2A12454E0077F0EA /* XCRemoteSwiftPackageReference "firebase-ios-sdk" */;
			productName = FirebaseFirestore;
		};
/* End XCSwiftPackageProductDependency section */

/* Begin XCVersionGroup section */
		235BC09429E59BCD003C3496 /* SolutionEcole.xcdatamodeld */ = {
			isa = XCVersionGroup;
			children = (
				235BC09529E59BCD003C3496 /* SolutionEcole.xcdatamodel */,
			);
			currentVersion = 235BC09529E59BCD003C3496 /* SolutionEcole.xcdatamodel */;
			path = SolutionEcole.xcdatamodeld;
			sourceTree = "<group>";
			versionGroupType = wrapper.xcdatamodel;
		};
/* End XCVersionGroup section */
	};
	rootObject = 235BC07E29E59BCB003C3496 /* Project object */;
}
